github.com/geekifan/hugo-theme-chirpy v0.0.0-20260414120126-dbc65024430c h1:eTEIpBz7+L/vxd/kgP34SsaQrW0TycBK/gFwbDER/H0=
github.com/geekifan/hugo-theme-chirpy v0.0.0-20260414120126-dbc65024430c/go.mod h1:Od/wsK887bOTxLOx0uLMMbA/84V/JIbgE96/MQjFxd4=
github.com/geekifan/hugo-theme-chirpy v1.0.3-0.20260414120126-dbc65024430c h1:BPNgF+JP/mLPphKX6HAo1sSp6mdxwNFGpc/GnYR3uck=
github.com/geekifan/hugo-theme-chirpy v1.0.3-0.20260414120126-dbc65024430c/go.mod h1:Od/wsK887bOTxLOx0uLMMbA/84V/JIbgE96/MQjFxd4=
